
Microsoft Visual Studio Solution File, Format Version 12.00
# Visual Studio Version 16
VisualStudioVersion = 16.0.30517.126
MinimumVisualStudioVersion = 10.0.40219.1
Project("{9A19103F-16F7-4668-BE54-9A1E7A4F7556}") = "LibraryManagement.API", "LibraryManagement.API\LibraryManagement.API.csproj", "{D23E7A40-18F4-4B80-ABD7-00FC699E33C1}"
EndProject
Project("{9A19103F-16F7-4668-BE54-9A1E7A4F7556}") = "LibraryManagement.Models", "LibraryManagement.Models\LibraryManagement.Models.csproj", "{FB6C67E4-7687-4CFA-86AE-4BD40AB4A5BE}"
EndProject
Global
	GlobalSection(SolutionConfigurationPlatforms) = preSolution
		Debug|Any CPU = Debug|Any CPU
		Release|Any CPU = Release|Any CPU
	EndGlobalSection
	GlobalSection(ProjectConfigurationPlatforms) = postSolution
		{D23E7A40-18F4-4B80-ABD7-00FC699E33C1}.Debug|Any CPU.ActiveCfg = Debug|Any CPU
		{D23E7A40-18F4-4B80-ABD7-00FC699E33C1}.Debug|Any CPU.Build.0 = Debug|Any CPU
		{D23E7A40-18F4-4B80-ABD7-00FC699E33C1}.Release|Any CPU.ActiveCfg = Release|Any CPU
		{D23E7A40-18F4-4B80-ABD7-00FC699E33C1}.Release|Any CPU.Build.0 = Release|Any CPU
		{FB6C67E4-7687-4CFA-86AE-4BD40AB4A5BE}.Debug|Any CPU.ActiveCfg = Debug|Any CPU
		{FB6C67E4-7687-4CFA-86AE-4BD40AB4A5BE}.Debug|Any CPU.Build.0 = Debug|Any CPU
		{FB6C67E4-7687-4CFA-86AE-4BD40AB4A5BE}.Release|Any CPU.ActiveCfg = Release|Any CPU
		{FB6C67E4-7687-4CFA-86AE-4BD40AB4A5BE}.Release|Any CPU.Build.0 = Release|Any CPU
	EndGlobalSection
	GlobalSection(SolutionProperties) = preSolution
		HideSolutionNode = FALSE
	EndGlobalSection
	GlobalSection(ExtensibilityGlobals) = postSolution
		SolutionGuid = {8A5F2EC7-8041-4ADE-8FE4-FA8672C0AE9F}
	EndGlobalSection
EndGlobal
